
Microsoft Visual Studio Solution File, Format Version 12.00
Project("{FAE04EC0-301F-11D3-BF4B-00C04F79EFBC}") = "HolisticApp", "HolisticApp\HolisticApp.csproj", "{69A97E1D-FE2B-4C6D-ACE8-CCFFF301D8B0}"
EndProject
Global
	GlobalSection(SolutionConfigurationPlatforms) = preSolution
		Debug|Any CPU = Debug|Any CPU
		Release|Any CPU = Release|Any CPU
	EndGlobalSection
	GlobalSection(ProjectConfigurationPlatforms) = postSolution
		{69A97E1D-FE2B-4C6D-ACE8-CCFFF301D8B0}.Debug|Any CPU.ActiveCfg = Debug|Any CPU
		{69A97E1D-FE2B-4C6D-ACE8-CCFFF301D8B0}.Debug|Any CPU.Build.0 = Debug|Any CPU
		{69A97E1D-FE2B-4C6D-ACE8-CCFFF301D8B0}.Release|Any CPU.ActiveCfg = Release|Any CPU
		{69A97E1D-FE2B-4C6D-ACE8-CCFFF301D8B0}.Release|Any CPU.Build.0 = Release|Any CPU
	EndGlobalSection
EndGlobal
